
Microsoft Visual Studio Solution File, Format Version 12.00
# Visual Studio Version 17
VisualStudioVersion = 17.4.33122.133
MinimumVisualStudioVersion = 10.0.40219.1
Project("{FAE04EC0-301F-11D3-BF4B-00C04F79EFBC}") = "Lab_Six", "Lab_Six\Lab_Six.csproj", "{C6EFBFB9-7C35-43E6-8FDA-F090A310F341}"
EndProject
Global
	GlobalSection(SolutionConfigurationPlatforms) = preSolution
		Debug|Any CPU = Debug|Any CPU
		Release|Any CPU = Release|Any CPU
	EndGlobalSection
	GlobalSection(ProjectConfigurationPlatforms) = postSolution
		{C6EFBFB9-7C35-43E6-8FDA-F090A310F341}.Debug|Any CPU.ActiveCfg = Debug|Any CPU
		{C6EFBFB9-7C35-43E6-8FDA-F090A310F341}.Debug|Any CPU.Build.0 = Debug|Any CPU
		{C6EFBFB9-7C35-43E6-8FDA-F090A310F341}.Release|Any CPU.ActiveCfg = Release|Any CPU
		{C6EFBFB9-7C35-43E6-8FDA-F090A310F341}.Release|Any CPU.Build.0 = Release|Any CPU
	EndGlobalSection
	GlobalSection(SolutionProperties) = preSolution
		HideSolutionNode = FALSE
	EndGlobalSection
	GlobalSection(ExtensibilityGlobals) = postSolution
		SolutionGuid = {CF54809B-D69F-4754-BF81-92B6747E2677}
	EndGlobalSection
EndGlobal
